# @generated - this file is auto-generated by `mise lock` https://mise.jdx.dev/dev-tools/mise-lock.html

[[tools.act]]
version = "0.2.89"
backend = "aqua:nektos/act"

[tools.act."platforms.linux-x64"]
checksum = "sha256:0191d6f1f3b716b5c55820032605d05fc3c1cdbf581ebeff655019e5dd1524c0"
url = "https://github.com/nektos/act/releases/download/v0.2.89/act_Linux_x86_64.tar.gz"
url_api = "https://api.github.com/repos/nektos/act/releases/assets/434891246"

[tools.act."platforms.macos-arm64"]
checksum = "sha256:48ae218af96725f7635a66de2b87e1e346893b02add0f16b92f560296b2151fc"
url = "https://github.com/nektos/act/releases/download/v0.2.89/act_Darwin_arm64.tar.gz"
url_api = "https://api.github.com/repos/nektos/act/releases/assets/434891257"

[[tools.actionlint]]
version = "1.7.12"
backend = "aqua:rhysd/actionlint"

[tools.actionlint."platforms.linux-x64"]
checksum = "sha256:8aca8db96f1b94770f1b0d72b6dddcb1ebb8123cb3712530b08cc387b349a3d8"
url = "https://github.com/rhysd/actionlint/releases/download/v1.7.12/actionlint_1.7.12_linux_amd64.tar.gz"
url_api = "https://api.github.com/repos/rhysd/actionlint/releases/assets/384924896"
provenance = "github-attestations"

[tools.actionlint."platforms.macos-arm64"]
checksum = "sha256:aba9ced2dee8d27fecca3dc7feb1a7f9a52caefa1eb46f3271ea66b6e0e6953f"
url = "https://github.com/rhysd/actionlint/releases/download/v1.7.12/actionlint_1.7.12_darwin_arm64.tar.gz"
url_api = "https://api.github.com/repos/rhysd/actionlint/releases/assets/384924893"
provenance = "github-attestations"

[[tools."aqua:dalance/procs"]]
version = "0.14.12"
backend = "aqua:dalance/procs"

[tools."aqua:dalance/procs"."platforms.linux-x64"]
checksum = "sha256:81964faf9d5cd0e9f399d5d0954fb6fe4d4d9f7d3cbec4507633df5a45b11713"
url = "https://github.com/dalance/procs/releases/download/v0.14.12/procs-v0.14.12-x86_64-linux.zip"
url_api = "https://api.github.com/repos/dalance/procs/releases/assets/457525859"

[tools."aqua:dalance/procs"."platforms.macos-arm64"]
checksum = "sha256:2c276f40c99051984942a5b135b74ce4bc9184984a1543dddfcf275bde71d8d4"
url = "https://github.com/dalance/procs/releases/download/v0.14.12/procs-v0.14.12-x86_64-mac.zip"
url_api = "https://api.github.com/repos/dalance/procs/releases/assets/457525354"

[[tools."aqua:kyverno/chainsaw"]]
version = "0.2.15"
backend = "aqua:kyverno/chainsaw"

[tools."aqua:kyverno/chainsaw"."platforms.linux-x64"]
checksum = "sha256:295d226c89f126c0a97775d364be149f47a810c8a3f9829ee410583d0c1abe3c"
url = "https://github.com/kyverno/chainsaw/releases/download/v0.2.15/chainsaw_linux_amd64.tar.gz"
url_api = "https://api.github.com/repos/kyverno/chainsaw/releases/assets/413798796"

[tools."aqua:kyverno/chainsaw"."platforms.linux-x64".provenance.slsa]
url = "https://github.com/kyverno/chainsaw/releases/download/v0.2.15/multiple.intoto.jsonl"

[tools."aqua:kyverno/chainsaw"."platforms.macos-arm64"]
checksum = "sha256:502bef17dd822217e82590e9ccf01c1e26a56b3fa34a835789b9af73e82a169a"
url = "https://github.com/kyverno/chainsaw/releases/download/v0.2.15/chainsaw_darwin_arm64.tar.gz"
url_api = "https://api.github.com/repos/kyverno/chainsaw/releases/assets/413798810"

[tools."aqua:kyverno/chainsaw"."platforms.macos-arm64".provenance.slsa]
url = "https://github.com/kyverno/chainsaw/releases/download/v0.2.15/multiple.intoto.jsonl"

[[tools.atuin]]
version = "18.21.0"
backend = "aqua:atuinsh/atuin"

[tools.atuin."platforms.linux-x64"]
checksum = "sha256:792e1867d113ba9bebec94996b3160164aba738e3d23987b3cddb9dee976ac08"
url = "https://github.com/atuinsh/atuin/releases/download/v18.21.0/atuin-x86_64-unknown-linux-musl.tar.gz"
url_api = "https://api.github.com/repos/atuinsh/atuin/releases/assets/538647980"
provenance = "github-attestations"

[tools.atuin."platforms.macos-arm64"]
checksum = "sha256:c78ac159c89c38ee0b56eb6a11d9c0a7340de3a03b98fbbccd44f8e2d91e6e6e"
url = "https://github.com/atuinsh/atuin/releases/download/v18.21.0/atuin-aarch64-apple-darwin.tar.gz"
url_api = "https://api.github.com/repos/atuinsh/atuin/releases/assets/538647916"
provenance = "github-attestations"

[[tools.bat]]
version = "0.26.1"
backend = "aqua:sharkdp/bat"

[tools.bat."platforms.linux-x64"]
checksum = "sha256:0dcd8ac79732c0d5b136f11f4ee00e581440e16a44eab5b3105b611bbf2cf191"
url = "https://github.com/sharkdp/bat/releases/download/v0.26.1/bat-v0.26.1-x86_64-unknown-linux-musl.tar.gz"
url_api = "https://api.github.com/repos/sharkdp/bat/releases/assets/323549429"

[tools.bat."platforms.macos-arm64"]
checksum = "sha256:e30beff26779c9bf60bb541e1d79046250cb74378f2757f8eb250afddb19e114"
url = "https://github.com/sharkdp/bat/releases/download/v0.26.1/bat-v0.26.1-aarch64-apple-darwin.tar.gz"
url_api = "https://api.github.com/repos/sharkdp/bat/releases/assets/323548442"

[[tools.bitwarden]]
version = "2026.7.0"
backend = "aqua:bitwarden/clients"

[tools.bitwarden."platforms.linux-x64"]
checksum = "sha256:7a35145e205952f7434d2370da359543145ae0c45ba1af0fe9bdd99d40a00180"
url = "https://github.com/bitwarden/clients/releases/download/cli-v2026.7.0/bw-linux-2026.7.0.zip"
url_api = "https://api.github.com/repos/bitwarden/clients/releases/assets/487644388"

[tools.bitwarden."platforms.macos-arm64"]
checksum = "sha256:61d5de8a279a9faf3637216f4fb02b506a1e4bb2817d1c64be0bd474466dd85a"
url = "https://github.com/bitwarden/clients/releases/download/cli-v2026.7.0/bw-macos-arm64-2026.7.0.zip"
url_api = "https://api.github.com/repos/bitwarden/clients/releases/assets/487644300"

[[tools.bitwarden-secrets-manager]]
version = "2.1.0"
backend = "aqua:bitwarden/sdk-sm"

[tools.bitwarden-secrets-manager."platforms.linux-x64"]
checksum = "sha256:ba8233c3a4aee5d43e3c73bbd04d99e9bc5aba13bbbfd06d89b073abe732b860"
url = "https://github.com/bitwarden/sdk-sm/releases/download/bws-v2.1.0/bws-x86_64-unknown-linux-gnu-2.1.0.zip"
url_api = "https://api.github.com/repos/bitwarden/sdk-sm/releases/assets/426507282"

[tools.bitwarden-secrets-manager."platforms.macos-arm64"]
checksum = "sha256:9cb1c1c6e6164d83b2e339883ba02b4cbb37188ce9a484b1ce8249443163e066"
url = "https://github.com/bitwarden/sdk-sm/releases/download/bws-v2.1.0/bws-aarch64-apple-darwin-2.1.0.zip"
url_api = "https://api.github.com/repos/bitwarden/sdk-sm/releases/assets/426507211"

[[tools.btop]]
version = "1.4.7"
backend = "aqua:aristocratos/btop"

[tools.btop."platforms.linux-x64"]
checksum = "sha256:5099054dd6a101bd12eb6ff3702a9a6a3f57aaa27923a0da478ae5b517faf335"
url = "https://github.com/aristocratos/btop/releases/download/v1.4.7/btop-x86_64-unknown-linux-musl.tar.gz"
url_api = "https://api.github.com/repos/aristocratos/btop/releases/assets/409963672"

[[tools.bun]]
version = "1.4.2"
backend = "core:bun"

[tools.bun."platforms.linux-x64"]
checksum = "sha256:36368faef7527875d5ffa52e53cd48021741f2a83eb6208a8dd64068d422a913"
url = "https://github.com/oven-sh/bun/releases/download/bun-v1.4.2/bun-linux-x64.zip"

[tools.bun."platforms.linux-x64-baseline"]
checksum = "sha256:c678040f14fe0440eb839d37cbd0ce4c051a32da72806ac97de6a6aab6bf728f"
url = "https://github.com/oven-sh/bun/releases/download/bun-v1.4.2/bun-linux-x64-baseline.zip"

[tools.bun."platforms.linux-x64-musl"]
checksum = "sha256:4835eca59d6da70f4674f5642f6e459dcadab773695b2ed9922d131057989742"
url = "https://github.com/oven-sh/bun/releases/download/bun-v1.4.2/bun-linux-x64-musl.zip"

[tools.bun."platforms.linux-x64-musl-baseline"]
checksum = "sha256:76e1db84e98f22f78de0a87e309bfbbf297732847f9720db36750646c85c8c18"
url = "https://github.com/oven-sh/bun/releases/download/bun-v1.4.2/bun-linux-x64-musl-baseline.zip"

[tools.bun."platforms.macos-arm64"]
checksum = "sha256:90987a3a16d7db556d886ac3d551e7b6d3edf0a1cf43acaed622e8676be1d12f"
url = "https://github.com/oven-sh/bun/releases/download/bun-v1.4.2/bun-darwin-aarch64.zip"

[[tools.cargo-binstall]]
version = "1.23.0"
backend = "aqua:cargo-bins/cargo-binstall"

[tools.cargo-binstall."platforms.linux-x64"]
checksum = "sha256:64bf954c68bb558431deeabecaec7687edd5541c2189ee263bb8bc18bc4fdf55"
url = "https://github.com/cargo-bins/cargo-binstall/releases/download/v1.23.0/cargo-binstall-x86_64-unknown-linux-musl.tgz"
url_api = "https://api.github.com/repos/cargo-bins/cargo-binstall/releases/assets/546062088"
provenance = "github-attestations"

[tools.cargo-binstall."platforms.macos-arm64"]
checksum = "sha256:0f679c0bc992c6b84fdcbb0f65492588447d26596ef387cb6cb1ba41ad8ceb33"
url = "https://github.com/cargo-bins/cargo-binstall/releases/download/v1.23.0/cargo-binstall-aarch64-apple-darwin.zip"
url_api = "https://api.github.com/repos/cargo-bins/cargo-binstall/releases/assets/546062768"
provenance = "github-attestations"

[[tools.coder]]
version = "2.37.1"
backend = "aqua:coder/coder"

[tools.coder."platforms.linux-x64"]
checksum = "sha256:dc6193e5d9540efc295587b242743bac65e53a8dd0812f93f61d65416d319413"
url = "https://github.com/coder/coder/releases/download/v2.37.1/coder_2.37.1_linux_amd64.tar.gz"
url_api = "https://api.github.com/repos/coder/coder/releases/assets/550044837"
provenance = "github-attestations"

[tools.coder."platforms.macos-arm64"]
checksum = "sha256:40d71537d9b66f43d1d8b886c25b7be62bb87f416985bd9f349fc9cd39de8deb"
url = "https://github.com/coder/coder/releases/download/v2.37.1/coder_2.37.1_darwin_arm64.zip"
url_api = "https://api.github.com/repos/coder/coder/releases/assets/550044704"
provenance = "github-attestations"

[[tools.crane]]
version = "0.22.1"
backend = "aqua:google/go-containerregistry"

[tools.crane."platforms.linux-x64"]
checksum = "sha256:0ab7a1d6932a213aed964ce97666c3077fe691c8606413674a8b3e0b9ec4cda0"
url = "https://github.com/google/go-containerregistry/releases/download/v0.22.1/go-containerregistry_Linux_x86_64.tar.gz"
url_api = "https://api.github.com/repos/google/go-containerregistry/releases/assets/543544389"

[tools.crane."platforms.macos-arm64"]
checksum = "sha256:2231fc8df8806d20d680ff1225db44e095a55dd6ac1ae8eced4faf4b278b78fb"
url = "https://github.com/google/go-containerregistry/releases/download/v0.22.1/go-containerregistry_Darwin_arm64.tar.gz"
url_api = "https://api.github.com/repos/google/go-containerregistry/releases/assets/543544436"

[[tools.delta]]
version = "0.19.2"
backend = "aqua:dandavison/delta"

[tools.delta."platforms.linux-x64"]
checksum = "sha256:f1ea01ca7728ce3462debc359f39dfc7cbbc1a63224b71fefabf92042864aa1b"
url = "https://github.com/dandavison/delta/releases/download/0.19.2/delta-0.19.2-x86_64-unknown-linux-musl.tar.gz"
url_api = "https://api.github.com/repos/dandavison/delta/releases/assets/383662298"

[tools.delta."platforms.macos-arm64"]
checksum = "sha256:9be36612a5a13e9e386dc498fb8e50dc87c72ee42b63db0ea05b32f99a72a69a"
url = "https://github.com/dandavison/delta/releases/download/0.19.2/delta-0.19.2-aarch64-apple-darwin.tar.gz"
url_api = "https://api.github.com/repos/dandavison/delta/releases/assets/383662310"

[[tools.duf]]
version = "0.9.1"
backend = "aqua:muesli/duf"

[tools.duf."platforms.linux-x64"]
checksum = "sha256:5add851e7062c5e56939abb664705e4d14fa2d06289490aff31d51f153832de7"
url = "https://github.com/muesli/duf/releases/download/v0.9.1/duf_0.9.1_linux_x86_64.tar.gz"
url_api = "https://api.github.com/repos/muesli/duf/releases/assets/291083805"

[tools.duf."platforms.macos-arm64"]
checksum = "sha256:512ba0ff3585bb8c65841de557a4c4b8712332db005dc952fa98d373a05d01df"
url = "https://github.com/muesli/duf/releases/download/v0.9.1/duf_0.9.1_darwin_arm64.tar.gz"
url_api = "https://api.github.com/repos/muesli/duf/releases/assets/291083820"

[[tools.dust]]
version = "1.2.5"
backend = "aqua:bootandy/dust"

[tools.dust."platforms.linux-x64"]
checksum = "sha256:79813b5743fab1e04c1d9c34042aab865dbe09efb76719e7c7d260568850fabc"
url = "https://github.com/bootandy/dust/releases/download/v1.2.5/dust-v1.2.5-x86_64-unknown-linux-musl.tar.gz"
url_api = "https://api.github.com/repos/bootandy/dust/releases/assets/521291194"

[tools.dust."platforms.macos-arm64"]
checksum = "sha256:29566236d7a5e2afbc3fcf2d365845a4eaf0fc969a4ed9f8b878bc1a4fc7d2b8"
url = "https://github.com/bootandy/dust/releases/download/v1.2.5/dust-v1.2.5-x86_64-apple-darwin.tar.gz"
url_api = "https://api.github.com/repos/bootandy/dust/releases/assets/521290141"

[[tools.fastfetch]]
version = "2.68.1"
backend = "aqua:fastfetch-cli/fastfetch"

[tools.fastfetch."platforms.linux-x64"]
checksum = "sha256:0c51ef6fa3e976eb5038fe0afda38629d3ca07947740bb0e3354c7c4f1238c0c"
url = "https://github.com/fastfetch-cli/fastfetch/releases/download/2.68.1/fastfetch-linux-amd64.tar.gz"
url_api = "https://api.github.com/repos/fastfetch-cli/fastfetch/releases/assets/539503660"

[tools.fastfetch."platforms.macos-arm64"]
checksum = "sha256:22426608dca945e0531af37054e21a2727aa7bb30179efaf44de7f59163be5fe"
url = "https://github.com/fastfetch-cli/fastfetch/releases/download/2.68.1/fastfetch-macos-aarch64.tar.gz"
url_api = "https://api.github.com/repos/fastfetch-cli/fastfetch/releases/assets/539503362"

[[tools.fd]]
version = "10.5.0"
backend = "aqua:sharkdp/fd"

[tools.fd."platforms.linux-x64"]
checksum = "sha256:761c72dc8e120d85b22292063be8a796e2eeb20eb3e4f38b8fa2343ccf3514a7"
url = "https://github.com/sharkdp/fd/releases/download/v10.5.0/fd-v10.5.0-x86_64-unknown-linux-musl.tar.gz"
url_api = "https://api.github.com/repos/sharkdp/fd/releases/assets/530481315"

[tools.fd."platforms.macos-arm64"]
checksum = "sha256:b67e1836c468e42e411984b56e52fa7abec08c2bd22c867398e7cc134aac5e12"
url = "https://github.com/sharkdp/fd/releases/download/v10.5.0/fd-v10.5.0-aarch64-apple-darwin.tar.gz"
url_api = "https://api.github.com/repos/sharkdp/fd/releases/assets/530481346"

[[tools.flux2]]
version = "2.9.5"
backend = "aqua:fluxcd/flux2"

[tools.flux2."platforms.linux-x64"]
checksum = "sha256:b853df82adfd7736f580692f9f734473d571606307139f8fd20c2a80dd1ff473"
url = "https://github.com/fluxcd/flux2/releases/download/v2.9.5/flux_2.9.5_linux_amd64.tar.gz"
url_api = "https://api.github.com/repos/fluxcd/flux2/releases/assets/538282891"

[tools.flux2."platforms.linux-x64".provenance.slsa]
url = "https://github.com/fluxcd/flux2/releases/download/v2.9.5/provenance.intoto.jsonl"

[tools.flux2."platforms.macos-arm64"]
checksum = "sha256:2869ef7151a6f1b27e6b5d2a6804f3ef23c7bdaa06a74e00d3fe5bfc646547fd"
url = "https://github.com/fluxcd/flux2/releases/download/v2.9.5/flux_2.9.5_darwin_arm64.tar.gz"
url_api = "https://api.github.com/repos/fluxcd/flux2/releases/assets/538282876"

[tools.flux2."platforms.macos-arm64".provenance.slsa]
url = "https://github.com/fluxcd/flux2/releases/download/v2.9.5/provenance.intoto.jsonl"

[[tools.fzf]]
version = "0.74.4"
backend = "aqua:junegunn/fzf"

[tools.fzf."platforms.linux-x64"]
checksum = "sha256:05e6813a337cc722c3ed07e54a764b75cc5d671e2e60459db0ba696ee5fa7504"
url = "https://github.com/junegunn/fzf/releases/download/v0.74.4/fzf-0.74.4-linux_amd64.tar.gz"
url_api = "https://api.github.com/repos/junegunn/fzf/releases/assets/558287768"

[tools.fzf."platforms.macos-arm64"]
checksum = "sha256:4f6a113bfc0c7959e0005c78d566a51afc4fcefc956f43735c62a9deb19e92ae"
url = "https://github.com/junegunn/fzf/releases/download/v0.74.4/fzf-0.74.4-darwin_arm64.tar.gz"
url_api = "https://api.github.com/repos/junegunn/fzf/releases/assets/558287774"

[[tools.gh]]
version = "2.100.0"
backend = "aqua:cli/cli"

[tools.gh."platforms.linux-x64"]
checksum = "sha256:e4d4bb4498e8d007abe545b6568926793ace1b6447da598294a610018cb164be"
url = "https://github.com/cli/cli/releases/download/v2.100.0/gh_2.100.0_linux_amd64.tar.gz"
url_api = "https://api.github.com/repos/cli/cli/releases/assets/542974264"
provenance = "github-attestations"

[tools.gh."platforms.macos-arm64"]
checksum = "sha256:45f9a62da2f6e641a7fad57e2ce39656dfd7ef331372d80a2a2aed65abb01642"
url = "https://github.com/cli/cli/releases/download/v2.100.0/gh_2.100.0_macOS_arm64.zip"
url_api = "https://api.github.com/repos/cli/cli/releases/assets/542974295"
provenance = "github-attestations"

[[tools.gitleaks]]
version = "8.30.1"
backend = "aqua:gitleaks/gitleaks"

[tools.gitleaks."platforms.linux-x64"]
checksum = "sha256:551f6fc83ea457d62a0d98237cbad105af8d557003051f41f3e7ca7b3f2470eb"
url = "https://github.com/gitleaks/gitleaks/releases/download/v8.30.1/gitleaks_8.30.1_linux_x64.tar.gz"
url_api = "https://api.github.com/repos/gitleaks/gitleaks/releases/assets/378332058"

[tools.gitleaks."platforms.macos-arm64"]
checksum = "sha256:b40ab0ae55c505963e365f271a8d3846efbc170aa17f2607f13df610a9aeb6a5"
url = "https://github.com/gitleaks/gitleaks/releases/download/v8.30.1/gitleaks_8.30.1_darwin_arm64.tar.gz"
url_api = "https://api.github.com/repos/gitleaks/gitleaks/releases/assets/378332059"

[[tools.glow]]
version = "3.0.0"
backend = "aqua:charmbracelet/glow"

[tools.glow."platforms.linux-x64"]
checksum = "sha256:13e05e4b2acc18d2aee44291aefe6325b077ec321b631a0cfa780e8e3bc33f78"
url = "https://github.com/charmbracelet/glow/releases/download/v3.0.0/glow_3.0.0_Linux_x86_64.tar.gz"
url_api = "https://api.github.com/repos/charmbracelet/glow/releases/assets/510466923"
provenance = "cosign"

[tools.glow."platforms.macos-arm64"]
checksum = "sha256:4b8a9a32412c0525e4c239e65171706fc5beb6d423608d99fe16788d47b345d3"
url = "https://github.com/charmbracelet/glow/releases/download/v3.0.0/glow_3.0.0_Darwin_arm64.tar.gz"
url_api = "https://api.github.com/repos/charmbracelet/glow/releases/assets/510466964"
provenance = "cosign"

[[tools.go]]
version = "1.27.1"
backend = "core:go"

[tools.go."platforms.linux-x64"]
checksum = "sha256:63d339f0da5ab53635a56f2490a7984dfe12dfcff22ad749f63edaf590168445"
url = "https://dl.google.com/go/go1.27.1.linux-amd64.tar.gz"

[tools.go."platforms.macos-arm64"]
checksum = "sha256:ee215d57e0ec269c60cc9ceca68e6bda321ba9ee5afe24f4b0988703c2d87d12"
url = "https://dl.google.com/go/go1.27.1.darwin-arm64.tar.gz"

[[tools.hadolint]]
version = "2.15.1"
backend = "aqua:hadolint/hadolint"

[tools.hadolint."platforms.linux-x64"]
checksum = "sha256:c7187db94eeeeca956519a6af171adc31453941a1e777961f6e680f697c8c507"
url = "https://github.com/hadolint/hadolint/releases/download/v2.15.1/hadolint-linux-x86_64"
url_api = "https://api.github.com/repos/hadolint/hadolint/releases/assets/496546506"
provenance = "github-attestations"

[tools.hadolint."platforms.macos-arm64"]
checksum = "sha256:5c09f3213f8e40406abe048233d985eebef336d4a6a20021be47fadb6cf480a2"
url = "https://github.com/hadolint/hadolint/releases/download/v2.15.1/hadolint-macos-arm64"
url_api = "https://api.github.com/repos/hadolint/hadolint/releases/assets/496546505"
provenance = "github-attestations"

[[tools.helm]]
version = "4.2.4"
backend = "aqua:helm/helm"

[tools.helm."platforms.linux-x64"]
checksum = "sha256:c306b46f719b0a4da32d0f78ee21bf90ce8d602f15b22ab753f0674d1670a7f3"
url = "https://get.helm.sh/helm-v4.2.4-linux-amd64.tar.gz"

[tools.helm."platforms.macos-arm64"]
checksum = "sha256:d747eb4e28bd2727173d15b759fa0a17822291ec09db7ced3d55af290a3661a2"
url = "https://get.helm.sh/helm-v4.2.4-darwin-arm64.tar.gz"

[[tools.herdr]]
version = "0.9.0"
backend = "aqua:herdrdev/herdr"

[tools.herdr."platforms.linux-x64"]
checksum = "sha256:4fa1a01158dd8043da92d31b270780b0dcc10603038d9b61cac4d81ab63fb71f"
url = "https://github.com/herdrdev/herdr/releases/download/v0.9.0/herdr-linux-x86_64"
url_api = "https://api.github.com/repos/herdrdev/herdr/releases/assets/549270163"

[tools.herdr."platforms.macos-arm64"]
checksum = "sha256:32b53df09872628059c789a69f02a6b8e29e14ddf26711421f3463f70c1aef17"
url = "https://github.com/herdrdev/herdr/releases/download/v0.9.0/herdr-macos-aarch64"
url_api = "https://api.github.com/repos/herdrdev/herdr/releases/assets/549270162"

[[tools.hyperfine]]
version = "1.20.0"
backend = "aqua:sharkdp/hyperfine"

[tools.hyperfine."platforms.linux-x64"]
checksum = "sha256:3285ec7959285288137043dd81dce0dde056227018a8277532d9a364b4f03c2b"
url = "https://github.com/sharkdp/hyperfine/releases/download/v1.20.0/hyperfine-v1.20.0-x86_64-unknown-linux-musl.tar.gz"
url_api = "https://api.github.com/repos/sharkdp/hyperfine/releases/assets/317832008"

[tools.hyperfine."platforms.macos-arm64"]
checksum = "sha256:f58d0b90993fadfa122a351428c469ce24afef3865f027f0e6e86f0830d088f1"
url = "https://github.com/sharkdp/hyperfine/releases/download/v1.20.0/hyperfine-v1.20.0-x86_64-apple-darwin.tar.gz"
url_api = "https://api.github.com/repos/sharkdp/hyperfine/releases/assets/317832526"

[[tools.k9s]]
version = "0.51.0"
backend = "aqua:derailed/k9s"

[tools.k9s."platforms.linux-x64"]
checksum = "sha256:c3752ad51a5a4015a113819c4eeb6e55a4d0e4b8e652494797532f6fc8161dd7"
url = "https://github.com/derailed/k9s/releases/download/v0.51.0/k9s_Linux_amd64.tar.gz"
url_api = "https://api.github.com/repos/derailed/k9s/releases/assets/440224321"

[tools.k9s."platforms.macos-arm64"]
checksum = "sha256:9b8c0e8f461e5d33aeee43a67f5ef4aff646a008a786887b8266cbb153c610cc"
url = "https://github.com/derailed/k9s/releases/download/v0.51.0/k9s_Darwin_arm64.tar.gz"
url_api = "https://api.github.com/repos/derailed/k9s/releases/assets/440224326"

[[tools.kind]]
version = "0.33.0"
backend = "aqua:kubernetes-sigs/kind"

[tools.kind."platforms.linux-x64"]
checksum = "sha256:aee6151561422756b764a4ae28e7f44cda5af5a9eead3cc9985112b1de8d8e0d"
url = "https://github.com/kubernetes-sigs/kind/releases/download/v0.33.0/kind-linux-amd64"
url_api = "https://api.github.com/repos/kubernetes-sigs/kind/releases/assets/531396433"

[tools.kind."platforms.macos-arm64"]
checksum = "sha256:0c8c7dbe5e23594a198b786c4bc13dacc101fa6196b0cb0b23a1ca44e61f4b4f"
url = "https://github.com/kubernetes-sigs/kind/releases/download/v0.33.0/kind-darwin-arm64"
url_api = "https://api.github.com/repos/kubernetes-sigs/kind/releases/assets/531396417"

[[tools.krew]]
version = "0.5.0"
backend = "aqua:kubernetes-sigs/krew"

[tools.krew."platforms.linux-x64"]
checksum = "sha256:5d5a221fffdf331d1c5c68d9917530ecd102e0def5b5a6d62eeed1c404efb28a"
url = "https://github.com/kubernetes-sigs/krew/releases/download/v0.5.0/krew-linux_amd64.tar.gz"
url_api = "https://api.github.com/repos/kubernetes-sigs/krew/releases/assets/362537140"

[tools.krew."platforms.macos-arm64"]
checksum = "sha256:cd6e58b4e954e301abd19001d772846997216d696bcaa58f0bcf04708339ece3"
url = "https://github.com/kubernetes-sigs/krew/releases/download/v0.5.0/krew-darwin_arm64.tar.gz"
url_api = "https://api.github.com/repos/kubernetes-sigs/krew/releases/assets/362537139"

[[tools.kubeconform]]
version = "0.8.0"
backend = "aqua:yannh/kubeconform"

[tools.kubeconform."platforms.linux-x64"]
checksum = "sha256:9bc2bffbf71f261128533edaf912153948b7ff238f9a531ae6d34466ec287883"
url = "https://github.com/yannh/kubeconform/releases/download/v0.8.0/kubeconform-linux-amd64.tar.gz"
url_api = "https://api.github.com/repos/yannh/kubeconform/releases/assets/438612666"

[tools.kubeconform."platforms.macos-arm64"]
checksum = "sha256:f84f4dfbebf4a6b0b230385fa065a39ea35e02608c2b50d025dcf64775a69d67"
url = "https://github.com/yannh/kubeconform/releases/download/v0.8.0/kubeconform-darwin-arm64.tar.gz"
url_api = "https://api.github.com/repos/yannh/kubeconform/releases/assets/438612680"

[[tools.kubectl]]
version = "1.36.4"
backend = "aqua:kubernetes/kubernetes/kubectl"

[tools.kubectl."platforms.linux-x64"]
checksum = "sha256:8b8f088da2dab964f853b38464033b1be15ede2839eca751482357c45abdd05a"
url = "https://dl.k8s.io/v1.36.4/bin/linux/amd64/kubectl"

[tools.kubectl."platforms.macos-arm64"]
checksum = "sha256:c9e4f713d6fee0043a3d835cca13077cda2bc0973840eb9779360df0b5bdfc69"
url = "https://dl.k8s.io/v1.36.4/bin/darwin/arm64/kubectl"

[[tools.kustomize]]
version = "5.8.1"
backend = "aqua:kubernetes-sigs/kustomize"

[tools.kustomize."platforms.linux-x64"]
checksum = "sha256:029a7f0f4e1932c52a0476cf02a0fd855c0bb85694b82c338fc648dcb53a819d"
url = "https://github.com/kubernetes-sigs/kustomize/releases/download/kustomize/v5.8.1/kustomize_v5.8.1_linux_amd64.tar.gz"
url_api = "https://api.github.com/repos/kubernetes-sigs/kustomize/releases/assets/353160972"

[tools.kustomize."platforms.macos-arm64"]
checksum = "sha256:8886f8a78474e608cc81234f729fda188a9767da23e28925802f00ece2bab288"
url = "https://github.com/kubernetes-sigs/kustomize/releases/download/kustomize/v5.8.1/kustomize_v5.8.1_darwin_arm64.tar.gz"
url_api = "https://api.github.com/repos/kubernetes-sigs/kustomize/releases/assets/353160975"

[[tools.kyverno]]
version = "1.19.1"
backend = "aqua:kyverno/kyverno"

[tools.kyverno."platforms.linux-x64"]
checksum = "sha256:b38228f367fc0fdc2b08f4c83ea50ac5f16c60ff8d62d76a66157c33c47b70ae"
url = "https://github.com/kyverno/kyverno/releases/download/v1.19.1/kyverno-cli_v1.19.1_linux_x86_64.tar.gz"
url_api = "https://api.github.com/repos/kyverno/kyverno/releases/assets/554402194"
provenance = "cosign"

[tools.kyverno."platforms.macos-arm64"]
checksum = "sha256:2cf5febbedaafca5d3c7819925a49f9723bf4c3337a1327b6f72970480af385a"
url = "https://github.com/kyverno/kyverno/releases/download/v1.19.1/kyverno-cli_v1.19.1_darwin_arm64.tar.gz"
url_api = "https://api.github.com/repos/kyverno/kyverno/releases/assets/554402257"
provenance = "cosign"

[[tools.lychee]]
version = "0.24.2"
backend = "aqua:lycheeverse/lychee"

[tools.lychee."platforms.linux-x64"]
checksum = "sha256:73657a111819a30c47c08352896796f23d64e4eb2b3ed39b6d32149241566fc5"
url = "https://github.com/lycheeverse/lychee/releases/download/lychee-v0.24.2/lychee-x86_64-unknown-linux-musl.tar.gz"
url_api = "https://api.github.com/repos/lycheeverse/lychee/releases/assets/409959271"

[tools.lychee."platforms.macos-arm64"]
checksum = "sha256:c9d3740ea2d891854d37116c9fba840f37b6e7c89d330e7db84ac333631c4977"
url = "https://github.com/lycheeverse/lychee/releases/download/lychee-v0.24.2/lychee-aarch64-apple-darwin.tar.gz"
url_api = "https://api.github.com/repos/lycheeverse/lychee/releases/assets/409957951"

[[tools.node]]
version = "24.20.0"
backend = "core:node"

[tools.node."platforms.linux-x64"]
checksum = "sha256:855d581f8a4eb1a8117e3426de25fe02770592febcfb31369aee1ffbfee9e8ec"
url = "https://nodejs.org/dist/v24.20.0/node-v24.20.0-linux-x64.tar.gz"

[tools.node."platforms.macos-arm64"]
checksum = "sha256:40e5607e5ecb3db9192723776da2d75d966260fc74a7a9e731c1bd67dda96bc8"
url = "https://nodejs.org/dist/v24.20.0/node-v24.20.0-darwin-arm64.tar.gz"

[[tools."npm:@anthropic-ai/claude-code"]]
version = "2.1.269"
backend = "npm:@anthropic-ai/claude-code"

[[tools."npm:@openai/codex"]]
version = "0.153.4"
backend = "npm:@openai/codex"

[[tools."npm:ccstatusline"]]
version = "2.2.29"
backend = "npm:ccstatusline"

[[tools."npm:ccusage"]]
version = "20.0.20"
backend = "npm:ccusage"

[[tools."npm:markdownlint-cli2"]]
version = "0.23.2"
backend = "npm:markdownlint-cli2"

[[tools."npm:skills"]]
version = "1.5.26"
backend = "npm:skills"

[[tools.pre-commit]]
version = "4.6.2"
backend = "aqua:pre-commit/pre-commit"

[tools.pre-commit."platforms.linux-x64"]
checksum = "sha256:43c09a73d82af8efff09900e60d76d67a2c3d990613c3c770b2b5c4418a16c4b"
url = "https://github.com/pre-commit/pre-commit/releases/download/v4.6.2/pre-commit-4.6.2.pyz"
url_api = "https://api.github.com/repos/pre-commit/pre-commit/releases/assets/509317714"

[tools.pre-commit."platforms.macos-arm64"]
checksum = "sha256:43c09a73d82af8efff09900e60d76d67a2c3d990613c3c770b2b5c4418a16c4b"
url = "https://github.com/pre-commit/pre-commit/releases/download/v4.6.2/pre-commit-4.6.2.pyz"
url_api = "https://api.github.com/repos/pre-commit/pre-commit/releases/assets/509317714"

[[tools.ripgrep]]
version = "15.2.0"
backend = "aqua:BurntSushi/ripgrep"

[tools.ripgrep."platforms.linux-x64"]
checksum = "sha256:33e15bcf1624b25cdd2a55813a47a2f95dbe126268203e76aa6a585d1e7b149c"
url = "https://github.com/BurntSushi/ripgrep/releases/download/15.2.0/ripgrep-15.2.0-x86_64-unknown-linux-musl.tar.gz"
url_api = "https://api.github.com/repos/BurntSushi/ripgrep/releases/assets/478120097"

[tools.ripgrep."platforms.macos-arm64"]
checksum = "sha256:3750b2e93f37e0c692657da574d7019a101c0084da05a790c83fd335bad973e4"
url = "https://github.com/BurntSushi/ripgrep/releases/download/15.2.0/ripgrep-15.2.0-aarch64-apple-darwin.tar.gz"
url_api = "https://api.github.com/repos/BurntSushi/ripgrep/releases/assets/478118851"

[[tools.rust]]
version = "1.98.1"
backend = "core:rust"

[[tools.shellcheck]]
version = "0.11.0"
backend = "aqua:koalaman/shellcheck"

[tools.shellcheck."platforms.linux-x64"]
checksum = "sha256:8c3be12b05d5c177a04c29e3c78ce89ac86f1595681cab149b65b97c4e227198"
url = "https://github.com/koalaman/shellcheck/releases/download/v0.11.0/shellcheck-v0.11.0.linux.x86_64.tar.xz"
url_api = "https://api.github.com/repos/koalaman/shellcheck/releases/assets/279056942"

[tools.shellcheck."platforms.macos-arm64"]
checksum = "sha256:56affdd8de5527894dca6dc3d7e0a99a873b0f004d7aabc30ae407d3f48b0a79"
url = "https://github.com/koalaman/shellcheck/releases/download/v0.11.0/shellcheck-v0.11.0.darwin.aarch64.tar.xz"
url_api = "https://api.github.com/repos/koalaman/shellcheck/releases/assets/279056932"

[[tools.talosctl]]
version = "1.14.0"
backend = "aqua:siderolabs/talos"

[tools.talosctl."platforms.linux-x64"]
checksum = "sha256:2c147c4a99d124c95bd5c190fe054e0b3c93495f2243fd652ebd423adb8377c7"
url = "https://github.com/siderolabs/talos/releases/download/v1.14.0/talosctl-linux-amd64"
url_api = "https://api.github.com/repos/siderolabs/talos/releases/assets/542359015"
provenance = "cosign"

[tools.talosctl."platforms.macos-arm64"]
checksum = "sha256:f0c65a0e970b6f23cf0160e432e7496ba93957a49f369780d4e53888ed66ef46"
url = "https://github.com/siderolabs/talos/releases/download/v1.14.0/talosctl-darwin-arm64"
url_api = "https://api.github.com/repos/siderolabs/talos/releases/assets/542359001"
provenance = "cosign"

[[tools.usage]]
version = "5.1.0"
backend = "aqua:jdx/usage"

[tools.usage."platforms.linux-x64"]
checksum = "sha256:a702c639f8e25d1e10f42ab37e09b8f73634c09b23c7abe2ebd6ab6f9665e99c"
url = "https://github.com/jdx/usage/releases/download/v5.1.0/usage-x86_64-unknown-linux-musl.tar.gz"
url_api = "https://api.github.com/repos/jdx/usage/releases/assets/507608023"

[tools.usage."platforms.macos-arm64"]
checksum = "sha256:ca35e60afd2895ec0b5be9162dbef155a76384ce43573b1ab8a04fbb46e70cd9"
url = "https://github.com/jdx/usage/releases/download/v5.1.0/usage-universal-apple-darwin.tar.gz"
url_api = "https://api.github.com/repos/jdx/usage/releases/assets/507609560"

[[tools.uv]]
version = "0.12.13"
backend = "aqua:astral-sh/uv"

[tools.uv."platforms.linux-x64"]
checksum = "sha256:4e2bfd0c9007b1032a50e539e965fd0a6037d87ad93ae1580d220a92d4c94098"
url = "https://github.com/astral-sh/uv/releases/download/0.12.13/uv-x86_64-unknown-linux-musl.tar.gz"
url_api = "https://api.github.com/repos/astral-sh/uv/releases/assets/555670382"
provenance = "github-attestations"

[tools.uv."platforms.macos-arm64"]
checksum = "sha256:7e6ddb9316acc00f2296c82ff4d99977870ee34b2f0ddcae9444d714db9364ed"
url = "https://github.com/astral-sh/uv/releases/download/0.12.13/uv-aarch64-apple-darwin.tar.gz"
url_api = "https://api.github.com/repos/astral-sh/uv/releases/assets/555670160"
provenance = "github-attestations"

[[tools.yamllint]]
version = "1.38.0"
backend = "pipx:yamllint"

[[tools.yq]]
version = "4.53.6"
backend = "aqua:mikefarah/yq"

[tools.yq."platforms.linux-x64"]
checksum = "sha256:c5f056448f973ae7d39b5401949648a78f2dc1947d6a8eb65be60d5c504b9385"
url = "https://github.com/mikefarah/yq/releases/download/v4.53.6/yq_linux_amd64"
url_api = "https://api.github.com/repos/mikefarah/yq/releases/assets/522028022"
provenance = "cosign"

[tools.yq."platforms.macos-arm64"]
checksum = "sha256:cceb0b8d71ea5294334121f8429f33f92b920e7217d904a2f9f35443968ac424"
url = "https://github.com/mikefarah/yq/releases/download/v4.53.6/yq_darwin_arm64"
url_api = "https://api.github.com/repos/mikefarah/yq/releases/assets/522028033"
provenance = "cosign"
